{
  "version": 4,
  "terraform_version": "1.12.2",
  "serial": 3,
  "lineage": "7fee98ef-8966-3d8c-bb9a-a0ad111e2c51",
  "outputs": {},
  "resources": [
    {
      "module": "module.env",
      "mode": "managed",
      "type": "confluent_environment",
      "name": "this",
      "provider": "module.env.provider[\"registry.terraform.io/confluentinc/confluent\"]",
      "instances": [
        {
          "schema_version": 0,
          "attributes": {
            "display_name": "test-env",
            "id": "env-xyw2nx",
            "resource_name": "crn://confluent.cloud/organization=458a5c19-0ba2-448c-a221-f6e2e3f319e1/environment=env-xyw2nx",
            "stream_governance": [
              {
                "package": ""
              }
            ]
          },
          "sensitive_attributes": [],
          "identity_schema_version": 0,
          "private": "bnVsbA=="
        }
      ]
    },
    {
      "module": "module.kafka_cluster",
      "mode": "managed",
      "type": "confluent_kafka_cluster",
      "name": "basic_cluster",
      "provider": "module.kafka_cluster.provider[\"registry.terraform.io/confluentinc/confluent\"]",
      "instances": [
        {
          "schema_version": 1,
          "attributes": {
            "api_version": "cmk/v2",
            "availability": "SINGLE_ZONE",
            "basic": [
              {}
            ],
            "bootstrap_endpoint": "SASL_SSL://pkc-921jm.us-east-2.aws.confluent.cloud:9092",
            "byok_key": [
              {
                "id": ""
              }
            ],
            "cloud": "AWS",
            "dedicated": [],
            "display_name": "test-cluster",
            "endpoints": [],
            "enterprise": [],
            "environment": [
              {
                "id": "env-xyw2nx"
              }
            ],
            "freight": [],
            "id": "lkc-g0j7m1",
            "kind": "Cluster",
            "network": [
              {
                "id": ""
              }
            ],
            "rbac_crn": "crn://confluent.cloud/organization=458a5c19-0ba2-448c-a221-f6e2e3f319e1/environment=env-xyw2nx/cloud-cluster=lkc-g0j7m1",
            "region": "us-east-2",
            "rest_endpoint": "https://pkc-921jm.us-east-2.aws.confluent.cloud:443",
            "standard": [],
            "timeouts": null
          },
          "sensitive_attributes": [],
          "identity_schema_version": 0,
          "private": "eyJlMmJmYjczMC1lY2FhLTExZTYtOGY4OC0zNDM2M2JjN2M0YzAiOnsiY3JlYXRlIjoyNTkyMDAwMDAwMDAwMDAsInVwZGF0ZSI6MjU5MjAwMDAwMDAwMDAwfSwic2NoZW1hX3ZlcnNpb24iOiIxIn0=",
          "dependencies": [
            "module.env.confluent_environment.this"
          ]
        }
      ]
    }
  ],
  "check_results": null
}
